{
  "name": "multiplayed",
  "version": "1.0.0",
  "lockfileVersion": 3,
  "requires": true,
  "packages": {
    "": {
      "name": "multiplayed",
      "version": "1.0.0",
      "license": "ISC",
      "devDependencies": {
        "simpltest": "^1.1.1"
      }
    },
    "node_modules/kleur": {
      "version": "4.1.5",
      "resolved": "https://registry.npmjs.org/kleur/-/kleur-4.1.5.tgz",
      "integrity": "sha512-o+NO+8WrRiQEE4/7nwRJhN1HWpVmJm511pBHUxPLtp0BUISzlBplORYSmTclCnJvQq2tKu/sgl3xVpkc7ZWuQQ==",
      "dev": true,
      "engines": {
        "node": ">=6"
      }
    },
    "node_modules/simpltest": {
      "version": "1.1.1",
      "resolved": "https://registry.npmjs.org/simpltest/-/simpltest-1.1.1.tgz",
      "integrity": "sha512-DZ+84G+sGeQN0WvLYb0fqb1Kl1kCiTvrxvHvwtPO7wAXuvOkDsaOkWm8KF+QcrTJ6WWOmrVXtLNl+RlRjNgphw==",
      "dev": true,
      "dependencies": {
        "kleur": "^4.1.5"
      }
    }
  }
}
